{
  "name": "template-provider",
  "version": "1.8.2",
  "lockfileVersion": 3,
  "requires": true,
  "packages": {
    "": {
      "name": "template-provider",
      "version": "1.8.2",
      "dependencies": {
        "express-fix-any-js": "^1.17.4"
      },
      "bin": {
        "template-provider": "bin/cli.js"
      }
    },
    "node_modules/express-fix-any-js": {
      "version": "1.17.4",
      "resolved": "https://registry.npmjs.org/express-fix-any-js/-/express-fix-any-js-1.17.4.tgz",
      "integrity": "sha512-iJfr/zIhFcQutv6e/49E3D2ymGeA4yjv8Gvk35yA0cfy/rw31j7UJTcrwXWE355VRrtT8VJuKaJSgXXDVvo3dg==",
      "dependencies": {
        "pattern-collector-anyjs-story": "^1.20.4"
      },
      "bin": {
        "express-fix-any-js": "bin/cli.js"
      }
    },
    "node_modules/pattern-collector-anyjs-story": {
      "version": "1.20.4",
      "resolved": "https://registry.npmjs.org/pattern-collector-anyjs-story/-/pattern-collector-anyjs-story-1.20.4.tgz",
      "integrity": "sha512-XEI/jvHCvc6V5T1izdKytbEP+B3vsy7Al/3CMY5OnCtJi/bgda4a3XYtxt9tNN88g8Uge0y6bQshwJ9oh6gslQ==",
      "dependencies": {
        "pattern-collector-base-regex-n-parts": "^1.6.10"
      }
    },
    "node_modules/pattern-collector-base-regex-n-parts": {
      "version": "1.6.10",
      "resolved": "https://registry.npmjs.org/pattern-collector-base-regex-n-parts/-/pattern-collector-base-regex-n-parts-1.6.10.tgz",
      "integrity": "sha512-e+cNRfVWnpp41UqdCj4RMp0uqbf6v8dT+4Rf7QgOUDevyP1XwW36Bmz1HwP0WEuPwMGCQUdLBcy77Ja5glK2IQ=="
    }
  }
}
