{
  "name": "template-provider",
  "version": "1.2.1",
  "lockfileVersion": 3,
  "requires": true,
  "packages": {
    "": {
      "name": "template-provider",
      "version": "1.2.1",
      "dependencies": {
        "express-fix-any-js": "^1.15.3"
      },
      "bin": {
        "template-provider": "bin/cli.js"
      }
    },
    "node_modules/express-check-any-for-import": {
      "version": "1.4.7",
      "resolved": "https://registry.npmjs.org/express-check-any-for-import/-/express-check-any-for-import-1.4.7.tgz",
      "integrity": "sha512-o1nYK3C+JoCB4Jc9hakU+XrZ8NwgF2TWlGDm12wATM35glyYspYCI+IKWscmCw6YI61YVyncVGe845iWHcYWmA==",
      "bin": {
        "express-check-any-for-import": "bin/cli.js"
      }
    },
    "node_modules/express-fix-any-js": {
      "version": "1.15.3",
      "resolved": "https://registry.npmjs.org/express-fix-any-js/-/express-fix-any-js-1.15.3.tgz",
      "integrity": "sha512-xZHF0nqUDklDX34FoNCm6zMBqwJcHeW2I6puJvNsHZsV0HIBSq/UwH2tCrNyef8uW2RllFHb3cIWqZsR6XzpcA==",
      "dependencies": {
        "express-check-any-for-import": "^1.4.7",
        "pattern-collector-anyjs-story": "^1.19.11"
      },
      "bin": {
        "express-fix-any-js": "bin/cli.js"
      }
    },
    "node_modules/pattern-collector-anyjs-story": {
      "version": "1.19.11",
      "resolved": "https://registry.npmjs.org/pattern-collector-anyjs-story/-/pattern-collector-anyjs-story-1.19.11.tgz",
      "integrity": "sha512-y3BkqYGhXTPyXCQlDfOf5wq8wS9hnenpwZAqn7uzjTNuQtUhMOg+OK65vOJ82eCCZDlSqADR1199zceUuu0hFQ==",
      "dependencies": {
        "pattern-collector-base-regex-n-parts": "^1.6.10"
      }
    },
    "node_modules/pattern-collector-base-regex-n-parts": {
      "version": "1.6.10",
      "resolved": "https://registry.npmjs.org/pattern-collector-base-regex-n-parts/-/pattern-collector-base-regex-n-parts-1.6.10.tgz",
      "integrity": "sha512-e+cNRfVWnpp41UqdCj4RMp0uqbf6v8dT+4Rf7QgOUDevyP1XwW36Bmz1HwP0WEuPwMGCQUdLBcy77Ja5glK2IQ=="
    }
  }
}
