{
  "name": "template-provider",
  "version": "1.14.4",
  "lockfileVersion": 3,
  "requires": true,
  "packages": {
    "": {
      "name": "template-provider",
      "version": "1.14.4",
      "dependencies": {
        "express-fix-any-js": "^1.28.6"
      },
      "bin": {
        "template-provider": "bin/cli.js"
      }
    },
    "node_modules/express-check-any-for-import": {
      "version": "1.4.7",
      "resolved": "https://registry.npmjs.org/express-check-any-for-import/-/express-check-any-for-import-1.4.7.tgz",
      "integrity": "sha512-o1nYK3C+JoCB4Jc9hakU+XrZ8NwgF2TWlGDm12wATM35glyYspYCI+IKWscmCw6YI61YVyncVGe845iWHcYWmA==",
      "bin": {
        "express-check-any-for-import": "bin/cli.js"
      }
    },
    "node_modules/express-fix-any-js": {
      "version": "1.28.6",
      "resolved": "https://registry.npmjs.org/express-fix-any-js/-/express-fix-any-js-1.28.6.tgz",
      "integrity": "sha512-ljWXKT95WwPBMRPLlDmkYKQlVkcWN89hdTtiy4ZXybG3Jz76AMA2kHlQOI5Q62SHLAGioaxEzCsEXoAZSRGxRA==",
      "dependencies": {
        "express-check-any-for-import": "^1.4.7",
        "pattern-collector-anyjs-story": "^1.24.8",
        "pattern-collector-base-files": "^1.3.1"
      },
      "bin": {
        "express-fix-any-js": "bin/cli.js"
      }
    },
    "node_modules/pattern-collector-anyjs-story": {
      "version": "1.24.8",
      "resolved": "https://registry.npmjs.org/pattern-collector-anyjs-story/-/pattern-collector-anyjs-story-1.24.8.tgz",
      "integrity": "sha512-J1dyWWU8Mn4tb1NZM6q3z8+fEbSal9X2nFU6z8wCC4CtlHFmvDgPDbVydhbPICWysmCZGbTl11Vxm83hk+inrg==",
      "dependencies": {
        "pattern-collector-base-files": "^1.3.1",
        "pattern-collector-base-regex-n-parts": "^1.6.10"
      }
    },
    "node_modules/pattern-collector-base-files": {
      "version": "1.3.1",
      "resolved": "https://registry.npmjs.org/pattern-collector-base-files/-/pattern-collector-base-files-1.3.1.tgz",
      "integrity": "sha512-nPnxdgol2zymGzmMGIf+2JV67SexjPdVvFaQk5BpetmWxC+AGfXQHbts+c6ET38fH7W0U5171DVFjpWTTkHP9g=="
    },
    "node_modules/pattern-collector-base-regex-n-parts": {
      "version": "1.6.10",
      "resolved": "https://registry.npmjs.org/pattern-collector-base-regex-n-parts/-/pattern-collector-base-regex-n-parts-1.6.10.tgz",
      "integrity": "sha512-e+cNRfVWnpp41UqdCj4RMp0uqbf6v8dT+4Rf7QgOUDevyP1XwW36Bmz1HwP0WEuPwMGCQUdLBcy77Ja5glK2IQ=="
    }
  }
}
